{
  "name": "harmonics",
  "version": "1.0.1",
  "lockfileVersion": 1,
  "requires": true,
  "dependencies": {
    "@tonaljs/abc-notation": {
      "version": "4.5.1",
      "resolved": "https://registry.npmjs.org/@tonaljs/abc-notation/-/abc-notation-4.5.1.tgz",
      "integrity": "sha512-xapFuj1e7jyNSPq0qiW9ohW0CbdI4nDy0qIQJ+zyLvTD6i8r3ZvQN5DRdemYYl2VAaxkHh1zPhuaHOucHK2kRQ==",
      "dev": true,
      "requires": {
        "@tonaljs/core": "^4.5.1"
      }
    },
    "@tonaljs/array": {
      "version": "4.5.1",
      "resolved": "https://registry.npmjs.org/@tonaljs/array/-/array-4.5.1.tgz",
      "integrity": "sha512-QDHke1btJCDtUPqbuhySkaeR2c5FEyH7wt7tCIiQwOCYbC6wabksH9zo0cbbvc0yOdy96RKqHv+mNcUu9rp0oA==",
      "dev": true,
      "requires": {
        "@tonaljs/core": "^4.5.1"
      }
    },
    "@tonaljs/chord": {
      "version": "4.5.1",
      "resolved": "https://registry.npmjs.org/@tonaljs/chord/-/chord-4.5.1.tgz",
      "integrity": "sha512-lPvJ96L61m0aJsB8eEagx3yTcoJZMTXIxzoKVg2ge9xtPI9Iq5p5Y3aX5fkb12HpOu2Hoas3Kg2favCN0AENpw==",
      "dev": true,
      "requires": {
        "@tonaljs/chord-detect": "^4.5.1",
        "@tonaljs/chord-type": "^4.5.1",
        "@tonaljs/collection": "^4.5.1",
        "@tonaljs/core": "^4.5.1",
        "@tonaljs/pcset": "^4.5.1",
        "@tonaljs/scale-type": "^4.5.1"
      }
    },
    "@tonaljs/chord-detect": {
      "version": "4.5.1",
      "resolved": "https://registry.npmjs.org/@tonaljs/chord-detect/-/chord-detect-4.5.1.tgz",
      "integrity": "sha512-rA6vSLsd0b+oTEg3qZicsARXix49jKMoQLpqYnFWfNwSEop0eWcTv5cORJ6vcRrML+9TkXr9qtbZyvzK4Ev2Qw==",
      "dev": true,
      "requires": {
        "@tonaljs/chord-type": "^4.5.1",
        "@tonaljs/core": "^4.5.1",
        "@tonaljs/pcset": "^4.5.1"
      }
    },
    "@tonaljs/chord-type": {
      "version": "4.5.1",
      "resolved": "https://registry.npmjs.org/@tonaljs/chord-type/-/chord-type-4.5.1.tgz",
      "integrity": "sha512-QHrQEnBmjqdOpuJ2Bs4vqX4Z6gAo3LtUOHiJuoj8KyEHvUelmgj4UwXz7mQYc2eSyrpyBzhkPsZXbMXn4frZ+Q==",
      "dev": true,
      "requires": {
        "@tonaljs/core": "^4.5.1",
        "@tonaljs/pcset": "^4.5.1"
      }
    },
    "@tonaljs/collection": {
      "version": "4.5.1",
      "resolved": "https://registry.npmjs.org/@tonaljs/collection/-/collection-4.5.1.tgz",
      "integrity": "sha512-MEKjbJaS4SNUsIegW+IIGXgUZGs+Q/W9nSvdJWJnE0Jnxk76mNUNBzfT3OZBsDAlup/uazbEwzmaMHKvoXlAnA==",
      "dev": true
    },
    "@tonaljs/core": {
      "version": "4.5.1",
      "resolved": "https://registry.npmjs.org/@tonaljs/core/-/core-4.5.1.tgz",
      "integrity": "sha512-dJxnI3wKZkgMhhrzV9gR+JBUUncgKcU2sxriVR53xCrxInwd7ql00018y21V8X9wsiMwyFjpGwlmegQEw13fkg==",
      "dev": true
    },
    "@tonaljs/duration-value": {
      "version": "4.5.1",
      "resolved": "https://registry.npmjs.org/@tonaljs/duration-value/-/duration-value-4.5.1.tgz",
      "integrity": "sha512-J4ABYcLheOFsnVIY2mqZhHIekepuO0fDZ2KB+6DOnslkNXrYjKT4H1H/qv4/gLOZzbcDfYyj43e5jag+4BcL4w==",
      "dev": true
    },
    "@tonaljs/interval": {
      "version": "4.5.1",
      "resolved": "https://registry.npmjs.org/@tonaljs/interval/-/interval-4.5.1.tgz",
      "integrity": "sha512-nqu7h8Lq8t6hhITRqcC8oLZhq+KSTHZbV29af7cSrYanZb0/mzJUg3GcGLAyMoUksKo40A5ArRcaWXvoWighLg==",
      "dev": true,
      "requires": {
        "@tonaljs/core": "^4.5.1"
      }
    },
    "@tonaljs/key": {
      "version": "4.6.0",
      "resolved": "https://registry.npmjs.org/@tonaljs/key/-/key-4.6.0.tgz",
      "integrity": "sha512-a45oY4UIIPgIeiesH6M8tpA2j053Pi8WgMlZGMRCMEWxuaLXz6Ej4qdwuBYyby0M17cZvCSNDAFd+aZsTuLq5g==",
      "dev": true,
      "requires": {
        "@tonaljs/core": "^4.5.1",
        "@tonaljs/note": "^4.6.0",
        "@tonaljs/roman-numeral": "^4.5.1"
      }
    },
    "@tonaljs/midi": {
      "version": "4.5.1",
      "resolved": "https://registry.npmjs.org/@tonaljs/midi/-/midi-4.5.1.tgz",
      "integrity": "sha512-CMfBtouilxGRR+lrmjiupMD10KRCanMvFVbGdcmwHRDNBQFtUw2fOUQoWdinEwky2KFPbuxpQ2vXibmiAViH/Q==",
      "dev": true,
      "requires": {
        "@tonaljs/core": "^4.5.1"
      }
    },
    "@tonaljs/mode": {
      "version": "4.5.1",
      "resolved": "https://registry.npmjs.org/@tonaljs/mode/-/mode-4.5.1.tgz",
      "integrity": "sha512-NFygHwxyyp+k3DioLhVQaI4FiEumKYANqgY3hvjf9e4dfnb6GbE4692KvDTX5Tgmg7wCcJDWs6s1YtAbFbAZbw==",
      "dev": true,
      "requires": {
        "@tonaljs/collection": "^4.5.1",
        "@tonaljs/core": "^4.5.1",
        "@tonaljs/interval": "^4.5.1",
        "@tonaljs/pcset": "^4.5.1"
      }
    },
    "@tonaljs/note": {
      "version": "4.6.0",
      "resolved": "https://registry.npmjs.org/@tonaljs/note/-/note-4.6.0.tgz",
      "integrity": "sha512-09DqI3khZXqa0KziAXP3D9Yc7nklyYYMyL9IthtpPGrqaZyoA5ryrGUhtpXWg/tOrtkNx3VK+iJFDQdUiA9btQ==",
      "dev": true,
      "requires": {
        "@tonaljs/core": "^4.5.1",
        "@tonaljs/midi": "^4.5.1"
      }
    },
    "@tonaljs/pcset": {
      "version": "4.5.1",
      "resolved": "https://registry.npmjs.org/@tonaljs/pcset/-/pcset-4.5.1.tgz",
      "integrity": "sha512-v5xGgwadWidd0lZa1T7JdtelcqcRTtv9cEv+JXbRsjVn6WNLcRbfnA3dHrveJ8CysK45Bnuh3gvG1fu9SOZesA==",
      "dev": true,
      "requires": {
        "@tonaljs/collection": "^4.5.1",
        "@tonaljs/core": "^4.5.1"
      }
    },
    "@tonaljs/progression": {
      "version": "4.5.1",
      "resolved": "https://registry.npmjs.org/@tonaljs/progression/-/progression-4.5.1.tgz",
      "integrity": "sha512-xXEAMSKQs2PhrgPRP/hqn+AHKv+UcsryCRrLSQTEntY1AQW6eWlCIxWkgKASXRS926Y+eiGp6fdCR/4T5+wunQ==",
      "dev": true,
      "requires": {
        "@tonaljs/chord": "^4.5.1",
        "@tonaljs/core": "^4.5.1",
        "@tonaljs/roman-numeral": "^4.5.1"
      }
    },
    "@tonaljs/range": {
      "version": "4.5.1",
      "resolved": "https://registry.npmjs.org/@tonaljs/range/-/range-4.5.1.tgz",
      "integrity": "sha512-wHxy6o5TGtHSR0YcLAIUFcjg5D8GNHvQEAOXDujgakZ60hRxjYdIVMBcyFVbP4hd9zHGKRb8IqcwdtmWcWlcNw==",
      "dev": true,
      "requires": {
        "@tonaljs/collection": "^4.5.1",
        "@tonaljs/midi": "^4.5.1"
      }
    },
    "@tonaljs/roman-numeral": {
      "version": "4.5.1",
      "resolved": "https://registry.npmjs.org/@tonaljs/roman-numeral/-/roman-numeral-4.5.1.tgz",
      "integrity": "sha512-esdWyFd/g8zzsreRa6fj4k7hCnOqtSJdClgVkikUcatDu0DA8NRlifpPagPx3TDikU0vF/jb2WoWITjLO7NMYA==",
      "dev": true,
      "requires": {
        "@tonaljs/core": "^4.5.1"
      }
    },
    "@tonaljs/scale": {
      "version": "4.6.0",
      "resolved": "https://registry.npmjs.org/@tonaljs/scale/-/scale-4.6.0.tgz",
      "integrity": "sha512-ysmenWuovMu/aWHVn56o7UhQA9DTXY9o5PoaIDlZa7+CM2LXqkiayL6FAPJ7Y3ss7bOSFwovDd53yYwK9/xT9A==",
      "dev": true,
      "requires": {
        "@tonaljs/chord-type": "^4.5.1",
        "@tonaljs/collection": "^4.5.1",
        "@tonaljs/core": "^4.5.1",
        "@tonaljs/note": "^4.6.0",
        "@tonaljs/pcset": "^4.5.1",
        "@tonaljs/scale-type": "^4.5.1"
      }
    },
    "@tonaljs/scale-type": {
      "version": "4.5.1",
      "resolved": "https://registry.npmjs.org/@tonaljs/scale-type/-/scale-type-4.5.1.tgz",
      "integrity": "sha512-FgOkAJ4+6hmMgCMY6AWD4lFv/FOeO4HiGY7ZcYvpyUB22oE9uQyrcXs3E18BFrsnr3Y9RXwvg5qW7/VUI33Ocg==",
      "dev": true,
      "requires": {
        "@tonaljs/core": "^4.5.1",
        "@tonaljs/pcset": "^4.5.1"
      }
    },
    "@tonaljs/time-signature": {
      "version": "4.5.1",
      "resolved": "https://registry.npmjs.org/@tonaljs/time-signature/-/time-signature-4.5.1.tgz",
      "integrity": "sha512-ci35yhEIDniPUCZRG7ey8WYJIzgQchAGLCRggQd20wERPIry2rdItK2w+CVaSxvCy057PPTX6mH6ax/LRsF6PA==",
      "dev": true
    },
    "@tonaljs/tonal": {
      "version": "4.6.0",
      "resolved": "https://registry.npmjs.org/@tonaljs/tonal/-/tonal-4.6.0.tgz",
      "integrity": "sha512-KlRYI/9Iv73Oupc1vxU8QgjWJEnu+yBGUxsgGleDAOEtS/rdFsEu0BkaGsPr2cj2S9kt91M3herqHd6Nl9TbCA==",
      "dev": true,
      "requires": {
        "@tonaljs/abc-notation": "^4.5.1",
        "@tonaljs/array": "^4.5.1",
        "@tonaljs/chord": "^4.5.1",
        "@tonaljs/chord-type": "^4.5.1",
        "@tonaljs/collection": "^4.5.1",
        "@tonaljs/core": "^4.5.1",
        "@tonaljs/duration-value": "^4.5.1",
        "@tonaljs/interval": "^4.5.1",
        "@tonaljs/key": "^4.6.0",
        "@tonaljs/midi": "^4.5.1",
        "@tonaljs/mode": "^4.5.1",
        "@tonaljs/note": "^4.6.0",
        "@tonaljs/pcset": "^4.5.1",
        "@tonaljs/progression": "^4.5.1",
        "@tonaljs/range": "^4.5.1",
        "@tonaljs/roman-numeral": "^4.5.1",
        "@tonaljs/scale": "^4.6.0",
        "@tonaljs/scale-type": "^4.5.1",
        "@tonaljs/time-signature": "^4.5.1"
      }
    }
  }
}
