{
  "name": "solfege",
  "version": "1.0.0",
  "lockfileVersion": 1,
  "requires": true,
  "dependencies": {
    "tonal": {
      "version": "2.2.2",
      "resolved": "http://npm.paypal.com/artifactory/api/npm/npm-all/tonal/-/tonal-2.2.2.tgz",
      "integrity": "sha1-3Iqr+fmByLdMRZDks+1mIXZwXoo=",
      "dev": true,
      "requires": {
        "tonal-array": "^2.2.2",
        "tonal-chord": "^2.2.2",
        "tonal-dictionary": "^2.2.2",
        "tonal-distance": "^2.2.2",
        "tonal-interval": "^2.2.2",
        "tonal-key": "^2.2.2",
        "tonal-note": "^2.2.2",
        "tonal-pcset": "^2.2.2",
        "tonal-scale": "^2.2.2"
      }
    },
    "tonal-array": {
      "version": "2.2.2",
      "resolved": "http://npm.paypal.com/artifactory/api/npm/npm-all/tonal-array/-/tonal-array-2.2.2.tgz",
      "integrity": "sha1-gJ4nI86/XBbu9XWn9L2q8HSZq+Q=",
      "dev": true,
      "requires": {
        "tonal-note": "^2.2.2"
      }
    },
    "tonal-chord": {
      "version": "2.2.2",
      "resolved": "http://npm.paypal.com/artifactory/api/npm/npm-all/tonal-chord/-/tonal-chord-2.2.2.tgz",
      "integrity": "sha1-qYaPPesqFtP6w3lBWHCdRqHId48=",
      "dev": true,
      "requires": {
        "tonal-dictionary": "^2.2.2",
        "tonal-distance": "^2.2.2",
        "tonal-note": "^2.2.2",
        "tonal-pcset": "^2.2.2"
      }
    },
    "tonal-dictionary": {
      "version": "2.2.2",
      "resolved": "http://npm.paypal.com/artifactory/api/npm/npm-all/tonal-dictionary/-/tonal-dictionary-2.2.2.tgz",
      "integrity": "sha1-VLyS7gdoDZyWWX8texsfvodXShM=",
      "dev": true,
      "requires": {
        "tonal-array": "^2.2.2",
        "tonal-note": "^2.2.2",
        "tonal-pcset": "^2.2.2"
      }
    },
    "tonal-distance": {
      "version": "2.2.2",
      "resolved": "http://npm.paypal.com/artifactory/api/npm/npm-all/tonal-distance/-/tonal-distance-2.2.2.tgz",
      "integrity": "sha1-qdz/xtClWdaDwvhMe38Po80kDkk=",
      "dev": true,
      "requires": {
        "tonal-interval": "^2.2.2",
        "tonal-note": "^2.2.2"
      }
    },
    "tonal-interval": {
      "version": "2.2.2",
      "resolved": "http://npm.paypal.com/artifactory/api/npm/npm-all/tonal-interval/-/tonal-interval-2.2.2.tgz",
      "integrity": "sha1-/nBYrOnH6A2RCntg0dVaJ5UPD10=",
      "dev": true
    },
    "tonal-key": {
      "version": "2.2.2",
      "resolved": "http://npm.paypal.com/artifactory/api/npm/npm-all/tonal-key/-/tonal-key-2.2.2.tgz",
      "integrity": "sha1-XMvf8OUX/FDoVCfKtL2VWruth3g=",
      "dev": true,
      "requires": {
        "tonal-array": "^2.2.2",
        "tonal-distance": "^2.2.2",
        "tonal-note": "^2.2.2",
        "tonal-roman-numeral": "^2.2.2"
      }
    },
    "tonal-note": {
      "version": "2.2.2",
      "resolved": "http://npm.paypal.com/artifactory/api/npm/npm-all/tonal-note/-/tonal-note-2.2.2.tgz",
      "integrity": "sha1-Ou7usOIn/Q2p/LyOgRzxEJCB2lY=",
      "dev": true
    },
    "tonal-pcset": {
      "version": "2.2.2",
      "resolved": "http://npm.paypal.com/artifactory/api/npm/npm-all/tonal-pcset/-/tonal-pcset-2.2.2.tgz",
      "integrity": "sha1-gIClmYvZX/ycBBkDLmwrfznfAn0=",
      "dev": true,
      "requires": {
        "tonal-array": "^2.2.2",
        "tonal-interval": "^2.2.2",
        "tonal-note": "^2.2.2"
      }
    },
    "tonal-roman-numeral": {
      "version": "2.2.2",
      "resolved": "http://npm.paypal.com/artifactory/api/npm/npm-all/tonal-roman-numeral/-/tonal-roman-numeral-2.2.2.tgz",
      "integrity": "sha1-X4JO7B5dqp8cDwiki3Plqc7JaH4=",
      "dev": true
    },
    "tonal-scale": {
      "version": "2.2.2",
      "resolved": "http://npm.paypal.com/artifactory/api/npm/npm-all/tonal-scale/-/tonal-scale-2.2.2.tgz",
      "integrity": "sha1-t8l/j5iBAz3r2iaMHrpDVUFeMVM=",
      "dev": true,
      "requires": {
        "tonal-array": "^2.2.2",
        "tonal-dictionary": "^2.2.2",
        "tonal-distance": "^2.2.2",
        "tonal-note": "^2.2.2",
        "tonal-pcset": "^2.2.2"
      }
    }
  }
}
